// !$*UTF8*$!
{
	archiveVersion = 1;
	classes = {
	};
	objectVersion = 52;
	objects = {

/* Begin PBXBuildFile section */
		1117D2035F482042D99426F1 /* Delegate.swift in Sources */ = {isa = PBXBuildFile; fileRef = 1117D6434F282A1E2EBAA9C9 /* Delegate.swift */; };
		1117D2D8DFBB57CD27C8D321 /* Chadakoin.h in Headers */ = {isa = PBXBuildFile; fileRef = 1117D8BDF963F274DFE950F6 /* Chadakoin.h */; settings = {ATTRIBUTES = (Public, ); }; };
		1117D345D687845D84AB1423 /* URLInputStreamExt.swift in Sources */ = {isa = PBXBuildFile; fileRef = 1117DBF22433F3E8E1923687 /* URLInputStreamExt.swift */; };
		1117D74B46CCF81C6CC0DF30 /* Extensions.swift in Sources */ = {isa = PBXBuildFile; fileRef = 1117D64A07A93EAFBB5D372C /* Extensions.swift */; };
		1117DA210E792A0E7D7D4086 /* URLInputStream.swift in Sources */ = {isa = PBXBuildFile; fileRef = 1117D93C386BA341584F89F6 /* URLInputStream.swift */; };
		1117DA3BCB287A6E11DAF8D1 /* URLISErrors.swift in Sources */ = {isa = PBXBuildFile; fileRef = 1117D37EA9C53D21FEB4A205 /* URLISErrors.swift */; };
		1117DC3D588E5A818F8BBB6E /* URLInputStreamOptions.swift in Sources */ = {isa = PBXBuildFile; fileRef = 1117D3C59D901DC55C4988F7 /* URLInputStreamOptions.swift */; };
		1117DD98C812B2111D0F519A /* InputStream.swift in Sources */ = {isa = PBXBuildFile; fileRef = 1117DA0B05AFA775D8655223 /* InputStream.swift */; };
		1117DDBDA30C904A4959508B /* Authentication.swift in Sources */ = {isa = PBXBuildFile; fileRef = 1117D06A66798EAA099E9583 /* Authentication.swift */; };
		831A2DB526A5CB7D0061E945 /* Chadakoin.framework in Frameworks */ = {isa = PBXBuildFile; fileRef = 831A2DAB26A5CB7D0061E945 /* Chadakoin.framework */; };
		831A2DBA26A5CB7D0061E945 /* ChadakoinTests.swift in Sources */ = {isa = PBXBuildFile; fileRef = 831A2DB926A5CB7D0061E945 /* ChadakoinTests.swift */; };
		831A2DCA26A5CBEE0061E945 /* Rubicon in Frameworks */ = {isa = PBXBuildFile; productRef = 831A2DC926A5CBEE0061E945 /* Rubicon */; };
		83CD902526AAE8A200EC0533 /* main.swift in Sources */ = {isa = PBXBuildFile; fileRef = 83CD902426AAE8A200EC0533 /* main.swift */; };
		83CD902C26AAE8C600EC0533 /* PGDocFixer in Frameworks */ = {isa = PBXBuildFile; productRef = 83CD902B26AAE8C600EC0533 /* PGDocFixer */; };
/* End PBXBuildFile section */

/* Begin PBXContainerItemProxy section */
		831A2DB626A5CB7D0061E945 /* PBXContainerItemProxy */ = {
			isa = PBXContainerItemProxy;
			containerPortal = 831A2DA226A5CB7D0061E945 /* Project object */;
			proxyType = 1;
			remoteGlobalIDString = 831A2DAA26A5CB7D0061E945;
			remoteInfo = Chadakoin;
		};
		83CD902F26AAE8C600EC0533 /* PBXContainerItemProxy */ = {
			isa = PBXContainerItemProxy;
			containerPortal = 831A2DA226A5CB7D0061E945 /* Project object */;
			proxyType = 1;
			remoteGlobalIDString = 831A2DAA26A5CB7D0061E945;
			remoteInfo = Chadakoin;
		};
/* End PBXContainerItemProxy section */

/* Begin PBXCopyFilesBuildPhase section */
		83CD902026AAE8A200EC0533 /* CopyFiles */ = {
			isa = PBXCopyFilesBuildPhase;
			buildActionMask = 2147483647;
			dstPath = /usr/share/man/man1/;
			dstSubfolderSpec = 0;
			files = (
			);
			runOnlyForDeploymentPostprocessing = 1;
		};
		83CD903126AAE8C600EC0533 /* Embed Frameworks */ = {
			isa = PBXCopyFilesBuildPhase;
			buildActionMask = 2147483647;
			dstPath = "";
			dstSubfolderSpec = 10;
			files = (
			);
			name = "Embed Frameworks";
			runOnlyForDeploymentPostprocessing = 0;
		};
/* End PBXCopyFilesBuildPhase section */

/* Begin PBXFileReference section */
		1117D06A66798EAA099E9583 /* Authentication.swift */ = {isa = PBXFileReference; fileEncoding = 4; lastKnownFileType = sourcecode.swift; path = Authentication.swift; sourceTree = "<group>"; };
		1117D35479404504F070DD8D /* .gitignore */ = {isa = PBXFileReference; lastKnownFileType = file.gitignore; path = .gitignore; sourceTree = "<group>"; };
		1117D37EA9C53D21FEB4A205 /* URLISErrors.swift */ = {isa = PBXFileReference; fileEncoding = 4; lastKnownFileType = sourcecode.swift; path = URLISErrors.swift; sourceTree = "<group>"; };
		1117D3C59D901DC55C4988F7 /* URLInputStreamOptions.swift */ = {isa = PBXFileReference; fileEncoding = 4; lastKnownFileType = sourcecode.swift; path = URLInputStreamOptions.swift; sourceTree = "<group>"; };
		1117D6434F282A1E2EBAA9C9 /* Delegate.swift */ = {isa = PBXFileReference; fileEncoding = 4; lastKnownFileType = sourcecode.swift; path = Delegate.swift; sourceTree = "<group>"; };
		1117D64A07A93EAFBB5D372C /* Extensions.swift */ = {isa = PBXFileReference; fileEncoding = 4; lastKnownFileType = sourcecode.swift; path = Extensions.swift; sourceTree = "<group>"; };
		1117D68A09FA6611F8451BF5 /* Info.plist */ = {isa = PBXFileReference; fileEncoding = 4; lastKnownFileType = text.plist.info; path = Info.plist; sourceTree = "<group>"; };
		1117D8BDF963F274DFE950F6 /* Chadakoin.h */ = {isa = PBXFileReference; fileEncoding = 4; lastKnownFileType = sourcecode.c.h; path = Chadakoin.h; sourceTree = "<group>"; };
		1117D93C386BA341584F89F6 /* URLInputStream.swift */ = {isa = PBXFileReference; fileEncoding = 4; lastKnownFileType = sourcecode.swift; path = URLInputStream.swift; sourceTree = "<group>"; };
		1117DA0B05AFA775D8655223 /* InputStream.swift */ = {isa = PBXFileReference; fileEncoding = 4; lastKnownFileType = sourcecode.swift; path = InputStream.swift; sourceTree = "<group>"; };
		1117DB130E9ECCDBB2DCB81B /* README.md */ = {isa = PBXFileReference; fileEncoding = 4; lastKnownFileType = net.daringfireball.markdown; path = README.md; sourceTree = "<group>"; };
		1117DBF22433F3E8E1923687 /* URLInputStreamExt.swift */ = {isa = PBXFileReference; fileEncoding = 4; lastKnownFileType = sourcecode.swift; path = URLInputStreamExt.swift; sourceTree = "<group>"; };
		1117DDACD83C4CE2D9FEB797 /* LICENSE */ = {isa = PBXFileReference; fileEncoding = 4; lastKnownFileType = text; path = LICENSE; sourceTree = "<group>"; };
		1117DE321B42C0BFA4ED0AE4 /* .jazzy.yaml */ = {isa = PBXFileReference; fileEncoding = 4; lastKnownFileType = text.yaml; path = .jazzy.yaml; sourceTree = "<group>"; };
		1117DE6DFE9F30A0A61EEC65 /* Info.plist */ = {isa = PBXFileReference; fileEncoding = 4; lastKnownFileType = text.plist.info; path = Info.plist; sourceTree = "<group>"; };
		1117DEB918238F22762E7B65 /* Package.swift */ = {isa = PBXFileReference; fileEncoding = 4; lastKnownFileType = sourcecode.swift; path = Package.swift; sourceTree = "<group>"; };
		831A2DAB26A5CB7D0061E945 /* Chadakoin.framework */ = {isa = PBXFileReference; explicitFileType = wrapper.framework; includeInIndex = 0; path = Chadakoin.framework; sourceTree = BUILT_PRODUCTS_DIR; };
		831A2DB426A5CB7D0061E945 /* ChadakoinTests.xctest */ = {isa = PBXFileReference; explicitFileType = wrapper.cfbundle; includeInIndex = 0; path = ChadakoinTests.xctest; sourceTree = BUILT_PRODUCTS_DIR; };
		831A2DB926A5CB7D0061E945 /* ChadakoinTests.swift */ = {isa = PBXFileReference; lastKnownFileType = sourcecode.swift; path = ChadakoinTests.swift; sourceTree = "<group>"; };
		83CD902226AAE8A200EC0533 /* DocFixer */ = {isa = PBXFileReference; explicitFileType = "compiled.mach-o.executable"; includeInIndex = 0; path = DocFixer; sourceTree = BUILT_PRODUCTS_DIR; };
		83CD902426AAE8A200EC0533 /* main.swift */ = {isa = PBXFileReference; lastKnownFileType = sourcecode.swift; path = main.swift; sourceTree = "<group>"; };
		83CD902926AAE8AC00EC0533 /* DocFixer.entitlements */ = {isa = PBXFileReference; lastKnownFileType = text.plist.entitlements; path = DocFixer.entitlements; sourceTree = "<group>"; };
/* End PBXFileReference section */

/* Begin PBXFrameworksBuildPhase section */
		831A2DA826A5CB7D0061E945 /* Frameworks */ = {
			isa = PBXFrameworksBuildPhase;
			buildActionMask = 2147483647;
			files = (
				831A2DCA26A5CBEE0061E945 /* Rubicon in Frameworks */,
			);
			runOnlyForDeploymentPostprocessing = 0;
		};
		831A2DB126A5CB7D0061E945 /* Frameworks */ = {
			isa = PBXFrameworksBuildPhase;
			buildActionMask = 2147483647;
			files = (
				831A2DB526A5CB7D0061E945 /* Chadakoin.framework in Frameworks */,
			);
			runOnlyForDeploymentPostprocessing = 0;
		};
		83CD901F26AAE8A200EC0533 /* Frameworks */ = {
			isa = PBXFrameworksBuildPhase;
			buildActionMask = 2147483647;
			files = (
				83CD902C26AAE8C600EC0533 /* PGDocFixer in Frameworks */,
			);
			runOnlyForDeploymentPostprocessing = 0;
		};
/* End PBXFrameworksBuildPhase section */

/* Begin PBXGroup section */
		1117D37E9247CB1C41137E03 /* Other */ = {
			isa = PBXGroup;
			children = (
				1117DE6DFE9F30A0A61EEC65 /* Info.plist */,
				1117D8BDF963F274DFE950F6 /* Chadakoin.h */,
			);
			name = Other;
			sourceTree = "<group>";
		};
		1117D46068B70B3D3218DE66 /* Other */ = {
			isa = PBXGroup;
			children = (
				1117D68A09FA6611F8451BF5 /* Info.plist */,
			);
			name = Other;
			sourceTree = "<group>";
		};
		831A2DA126A5CB7D0061E945 = {
			isa = PBXGroup;
			children = (
				831A2DC726A5CBB10061E945 /* Other */,
				831A2DC526A5CB890061E945 /* Sources */,
				831A2DC626A5CB950061E945 /* Tests */,
				831A2DAC26A5CB7D0061E945 /* Products */,
				83CD902A26AAE8C600EC0533 /* Frameworks */,
			);
			sourceTree = "<group>";
		};
		831A2DAC26A5CB7D0061E945 /* Products */ = {
			isa = PBXGroup;
			children = (
				831A2DAB26A5CB7D0061E945 /* Chadakoin.framework */,
				831A2DB426A5CB7D0061E945 /* ChadakoinTests.xctest */,
				83CD902226AAE8A200EC0533 /* DocFixer */,
			);
			name = Products;
			sourceTree = "<group>";
		};
		831A2DAD26A5CB7D0061E945 /* Chadakoin */ = {
			isa = PBXGroup;
			children = (
				1117D37E9247CB1C41137E03 /* Other */,
				1117DA0B05AFA775D8655223 /* InputStream.swift */,
				1117D93C386BA341584F89F6 /* URLInputStream.swift */,
				1117D6434F282A1E2EBAA9C9 /* Delegate.swift */,
				1117D3C59D901DC55C4988F7 /* URLInputStreamOptions.swift */,
				1117D37EA9C53D21FEB4A205 /* URLISErrors.swift */,
				1117DBF22433F3E8E1923687 /* URLInputStreamExt.swift */,
				1117D06A66798EAA099E9583 /* Authentication.swift */,
				1117D64A07A93EAFBB5D372C /* Extensions.swift */,
			);
			path = Chadakoin;
			sourceTree = "<group>";
		};
		831A2DB826A5CB7D0061E945 /* ChadakoinTests */ = {
			isa = PBXGroup;
			children = (
				831A2DB926A5CB7D0061E945 /* ChadakoinTests.swift */,
				1117D46068B70B3D3218DE66 /* Other */,
			);
			path = ChadakoinTests;
			sourceTree = "<group>";
		};
		831A2DC526A5CB890061E945 /* Sources */ = {
			isa = PBXGroup;
			children = (
				83CD902326AAE8A200EC0533 /* DocFixer */,
				831A2DAD26A5CB7D0061E945 /* Chadakoin */,
			);
			path = Sources;
			sourceTree = "<group>";
		};
		831A2DC626A5CB950061E945 /* Tests */ = {
			isa = PBXGroup;
			children = (
				831A2DB826A5CB7D0061E945 /* ChadakoinTests */,
			);
			path = Tests;
			sourceTree = "<group>";
		};
		831A2DC726A5CBB10061E945 /* Other */ = {
			isa = PBXGroup;
			children = (
				1117DE321B42C0BFA4ED0AE4 /* .jazzy.yaml */,
				1117DDACD83C4CE2D9FEB797 /* LICENSE */,
				1117D35479404504F070DD8D /* .gitignore */,
				1117DEB918238F22762E7B65 /* Package.swift */,
				1117DB130E9ECCDBB2DCB81B /* README.md */,
			);
			name = Other;
			sourceTree = "<group>";
		};
		83CD902326AAE8A200EC0533 /* DocFixer */ = {
			isa = PBXGroup;
			children = (
				83CD902926AAE8AC00EC0533 /* DocFixer.entitlements */,
				83CD902426AAE8A200EC0533 /* main.swift */,
			);
			path = DocFixer;
			sourceTree = "<group>";
		};
		83CD902A26AAE8C600EC0533 /* Frameworks */ = {
			isa = PBXGroup;
			children = (
			);
			name = Frameworks;
			sourceTree = "<group>";
		};
/* End PBXGroup section */

/* Begin PBXHeadersBuildPhase section */
		831A2DA626A5CB7D0061E945 /* Headers */ = {
			isa = PBXHeadersBuildPhase;
			buildActionMask = 2147483647;
			files = (
				1117D2D8DFBB57CD27C8D321 /* Chadakoin.h in Headers */,
			);
			runOnlyForDeploymentPostprocessing = 0;
		};
/* End PBXHeadersBuildPhase section */

/* Begin PBXNativeTarget section */
		831A2DAA26A5CB7D0061E945 /* Chadakoin */ = {
			isa = PBXNativeTarget;
			buildConfigurationList = 831A2DBF26A5CB7D0061E945 /* Build configuration list for PBXNativeTarget "Chadakoin" */;
			buildPhases = (
				831A2DA626A5CB7D0061E945 /* Headers */,
				831A2DA726A5CB7D0061E945 /* Sources */,
				831A2DA826A5CB7D0061E945 /* Frameworks */,
				831A2DA926A5CB7D0061E945 /* Resources */,
			);
			buildRules = (
			);
			dependencies = (
			);
			name = Chadakoin;
			packageProductDependencies = (
				831A2DC926A5CBEE0061E945 /* Rubicon */,
			);
			productName = Chadakoin;
			productReference = 831A2DAB26A5CB7D0061E945 /* Chadakoin.framework */;
			productType = "com.apple.product-type.framework";
		};
		831A2DB326A5CB7D0061E945 /* ChadakoinTests */ = {
			isa = PBXNativeTarget;
			buildConfigurationList = 831A2DC226A5CB7D0061E945 /* Build configuration list for PBXNativeTarget "ChadakoinTests" */;
			buildPhases = (
				831A2DB026A5CB7D0061E945 /* Sources */,
				831A2DB126A5CB7D0061E945 /* Frameworks */,
				831A2DB226A5CB7D0061E945 /* Resources */,
			);
			buildRules = (
			);
			dependencies = (
				831A2DB726A5CB7D0061E945 /* PBXTargetDependency */,
			);
			name = ChadakoinTests;
			productName = ChadakoinTests;
			productReference = 831A2DB426A5CB7D0061E945 /* ChadakoinTests.xctest */;
			productType = "com.apple.product-type.bundle.unit-test";
		};
		83CD902126AAE8A200EC0533 /* DocFixer */ = {
			isa = PBXNativeTarget;
			buildConfigurationList = 83CD902826AAE8A200EC0533 /* Build configuration list for PBXNativeTarget "DocFixer" */;
			buildPhases = (
				83CD901E26AAE8A200EC0533 /* Sources */,
				83CD901F26AAE8A200EC0533 /* Frameworks */,
				83CD902026AAE8A200EC0533 /* CopyFiles */,
				83CD903126AAE8C600EC0533 /* Embed Frameworks */,
			);
			buildRules = (
			);
			dependencies = (
				83CD903026AAE8C600EC0533 /* PBXTargetDependency */,
			);
			name = DocFixer;
			packageProductDependencies = (
				83CD902B26AAE8C600EC0533 /* PGDocFixer */,
			);
			productName = DocFixer;
			productReference = 83CD902226AAE8A200EC0533 /* DocFixer */;
			productType = "com.apple.product-type.tool";
		};
/* End PBXNativeTarget section */

/* Begin PBXProject section */
		831A2DA226A5CB7D0061E945 /* Project object */ = {
			isa = PBXProject;
			attributes = {
				LastSwiftUpdateCheck = 1250;
				LastUpgradeCheck = 1250;
				TargetAttributes = {
					831A2DAA26A5CB7D0061E945 = {
						CreatedOnToolsVersion = 12.5.1;
					};
					831A2DB326A5CB7D0061E945 = {
						CreatedOnToolsVersion = 12.5.1;
					};
					83CD902126AAE8A200EC0533 = {
						CreatedOnToolsVersion = 12.5.1;
					};
				};
			};
			buildConfigurationList = 831A2DA526A5CB7D0061E945 /* Build configuration list for PBXProject "Chadakoin" */;
			compatibilityVersion = "Xcode 9.3";
			developmentRegion = en;
			hasScannedForEncodings = 0;
			knownRegions = (
				en,
				Base,
			);
			mainGroup = 831A2DA126A5CB7D0061E945;
			packageReferences = (
				831A2DC826A5CBEE0061E945 /* XCRemoteSwiftPackageReference "Rubicon" */,
				831A2DCB26A5CC130061E945 /* XCRemoteSwiftPackageReference "PGDocFixer" */,
			);
			productRefGroup = 831A2DAC26A5CB7D0061E945 /* Products */;
			projectDirPath = "";
			projectRoot = "";
			targets = (
				831A2DAA26A5CB7D0061E945 /* Chadakoin */,
				831A2DB326A5CB7D0061E945 /* ChadakoinTests */,
				83CD902126AAE8A200EC0533 /* DocFixer */,
			);
		};
/* End PBXProject section */

/* Begin PBXResourcesBuildPhase section */
		831A2DA926A5CB7D0061E945 /* Resources */ = {
			isa = PBXResourcesBuildPhase;
			buildActionMask = 2147483647;
			files = (
			);
			runOnlyForDeploymentPostprocessing = 0;
		};
		831A2DB226A5CB7D0061E945 /* Resources */ = {
			isa = PBXResourcesBuildPhase;
			buildActionMask = 2147483647;
			files = (
			);
			runOnlyForDeploymentPostprocessing = 0;
		};
/* End PBXResourcesBuildPhase section */

/* Begin PBXSourcesBuildPhase section */
		831A2DA726A5CB7D0061E945 /* Sources */ = {
			isa = PBXSourcesBuildPhase;
			buildActionMask = 2147483647;
			files = (
				1117DD98C812B2111D0F519A /* InputStream.swift in Sources */,
				1117DA210E792A0E7D7D4086 /* URLInputStream.swift in Sources */,
				1117D2035F482042D99426F1 /* Delegate.swift in Sources */,
				1117DC3D588E5A818F8BBB6E /* URLInputStreamOptions.swift in Sources */,
				1117DA3BCB287A6E11DAF8D1 /* URLISErrors.swift in Sources */,
				1117D345D687845D84AB1423 /* URLInputStreamExt.swift in Sources */,
				1117DDBDA30C904A4959508B /* Authentication.swift in Sources */,
				1117D74B46CCF81C6CC0DF30 /* Extensions.swift in Sources */,
			);
			runOnlyForDeploymentPostprocessing = 0;
		};
		831A2DB026A5CB7D0061E945 /* Sources */ = {
			isa = PBXSourcesBuildPhase;
			buildActionMask = 2147483647;
			files = (
				831A2DBA26A5CB7D0061E945 /* ChadakoinTests.swift in Sources */,
			);
			runOnlyForDeploymentPostprocessing = 0;
		};
		83CD901E26AAE8A200EC0533 /* Sources */ = {
			isa = PBXSourcesBuildPhase;
			buildActionMask = 2147483647;
			files = (
				83CD902526AAE8A200EC0533 /* main.swift in Sources */,
			);
			runOnlyForDeploymentPostprocessing = 0;
		};
/* End PBXSourcesBuildPhase section */

/* Begin PBXTargetDependency section */
		831A2DB726A5CB7D0061E945 /* PBXTargetDependency */ = {
			isa = PBXTargetDependency;
			target = 831A2DAA26A5CB7D0061E945 /* Chadakoin */;
			targetProxy = 831A2DB626A5CB7D0061E945 /* PBXContainerItemProxy */;
		};
		83CD903026AAE8C600EC0533 /* PBXTargetDependency */ = {
			isa = PBXTargetDependency;
			target = 831A2DAA26A5CB7D0061E945 /* Chadakoin */;
			targetProxy = 83CD902F26AAE8C600EC0533 /* PBXContainerItemProxy */;
		};
/* End PBXTargetDependency section */

/* Begin XCBuildConfiguration section */
		831A2DBD26A5CB7D0061E945 /* Debug */ = {
			isa = XCBuildConfiguration;
			buildSettings = {
				ALWAYS_SEARCH_USER_PATHS = NO;
				CLANG_ANALYZER_NONNULL = YES;
				CLANG_ANALYZER_NUMBER_OBJECT_CONVERSION = YES_AGGRESSIVE;
				CLANG_CXX_LANGUAGE_STANDARD = "gnu++14";
				CLANG_CXX_LIBRARY = "libc++";
				CLANG_ENABLE_MODULES = YES;
				CLANG_ENABLE_OBJC_ARC = YES;
				CLANG_ENABLE_OBJC_WEAK = YES;
				CLANG_WARN_BLOCK_CAPTURE_AUTORELEASING = YES;
				CLANG_WARN_BOOL_CONVERSION = YES;
				CLANG_WARN_COMMA = YES;
				CLANG_WARN_CONSTANT_CONVERSION = YES;
				CLANG_WARN_DEPRECATED_OBJC_IMPLEMENTATIONS = YES;
				CLANG_WARN_DIRECT_OBJC_ISA_USAGE = YES_ERROR;
				CLANG_WARN_DOCUMENTATION_COMMENTS = YES;
				CLANG_WARN_EMPTY_BODY = YES;
				CLANG_WARN_ENUM_CONVERSION = YES;
				CLANG_WARN_INFINITE_RECURSION = YES;
				CLANG_WARN_INT_CONVERSION = YES;
				CLANG_WARN_NON_LITERAL_NULL_CONVERSION = YES;
				CLANG_WARN_OBJC_IMPLICIT_RETAIN_SELF = YES;
				CLANG_WARN_OBJC_LITERAL_CONVERSION = YES;
				CLANG_WARN_OBJC_ROOT_CLASS = YES_ERROR;
				CLANG_WARN_QUOTED_INCLUDE_IN_FRAMEWORK_HEADER = YES;
				CLANG_WARN_RANGE_LOOP_ANALYSIS = YES;
				CLANG_WARN_STRICT_PROTOTYPES = YES;
				CLANG_WARN_SUSPICIOUS_MOVE = YES;
				CLANG_WARN_UNGUARDED_AVAILABILITY = YES_AGGRESSIVE;
				CLANG_WARN_UNREACHABLE_CODE = YES;
				CLANG_WARN__DUPLICATE_METHOD_MATCH = YES;
				COPY_PHASE_STRIP = NO;
				CURRENT_PROJECT_VERSION = 1;
				DEBUG_INFORMATION_FORMAT = dwarf;
				ENABLE_STRICT_OBJC_MSGSEND = YES;
				ENABLE_TESTABILITY = YES;
				GCC_C_LANGUAGE_STANDARD = gnu11;
				GCC_DYNAMIC_NO_PIC = NO;
				GCC_NO_COMMON_BLOCKS = YES;
				GCC_OPTIMIZATION_LEVEL = 0;
				GCC_PREPROCESSOR_DEFINITIONS = (
					"DEBUG=1",
					"$(inherited)",
				);
				GCC_WARN_64_TO_32_BIT_CONVERSION = YES;
				GCC_WARN_ABOUT_RETURN_TYPE = YES_ERROR;
				GCC_WARN_UNDECLARED_SELECTOR = YES;
				GCC_WARN_UNINITIALIZED_AUTOS = YES_AGGRESSIVE;
				GCC_WARN_UNUSED_FUNCTION = YES;
				GCC_WARN_UNUSED_VARIABLE = YES;
				MACOSX_DEPLOYMENT_TARGET = 11.3;
				MTL_ENABLE_DEBUG_INFO = INCLUDE_SOURCE;
				MTL_FAST_MATH = YES;
				ONLY_ACTIVE_ARCH = YES;
				SDKROOT = macosx;
				SWIFT_ACTIVE_COMPILATION_CONDITIONS = DEBUG;
				SWIFT_OPTIMIZATION_LEVEL = "-Onone";
				VERSIONING_SYSTEM = "apple-generic";
				VERSION_INFO_PREFIX = "";
			};
			name = Debug;
		};
		831A2DBE26A5CB7D0061E945 /* Release */ = {
			isa = XCBuildConfiguration;
			buildSettings = {
				ALWAYS_SEARCH_USER_PATHS = NO;
				CLANG_ANALYZER_NONNULL = YES;
				CLANG_ANALYZER_NUMBER_OBJECT_CONVERSION = YES_AGGRESSIVE;
				CLANG_CXX_LANGUAGE_STANDARD = "gnu++14";
				CLANG_CXX_LIBRARY = "libc++";
				CLANG_ENABLE_MODULES = YES;
				CLANG_ENABLE_OBJC_ARC = YES;
				CLANG_ENABLE_OBJC_WEAK = YES;
				CLANG_WARN_BLOCK_CAPTURE_AUTORELEASING = YES;
				CLANG_WARN_BOOL_CONVERSION = YES;
				CLANG_WARN_COMMA = YES;
				CLANG_WARN_CONSTANT_CONVERSION = YES;
				CLANG_WARN_DEPRECATED_OBJC_IMPLEMENTATIONS = YES;
				CLANG_WARN_DIRECT_OBJC_ISA_USAGE = YES_ERROR;
				CLANG_WARN_DOCUMENTATION_COMMENTS = YES;
				CLANG_WARN_EMPTY_BODY = YES;
				CLANG_WARN_ENUM_CONVERSION = YES;
				CLANG_WARN_INFINITE_RECURSION = YES;
				CLANG_WARN_INT_CONVERSION = YES;
				CLANG_WARN_NON_LITERAL_NULL_CONVERSION = YES;
				CLANG_WARN_OBJC_IMPLICIT_RETAIN_SELF = YES;
				CLANG_WARN_OBJC_LITERAL_CONVERSION = YES;
				CLANG_WARN_OBJC_ROOT_CLASS = YES_ERROR;
				CLANG_WARN_QUOTED_INCLUDE_IN_FRAMEWORK_HEADER = YES;
				CLANG_WARN_RANGE_LOOP_ANALYSIS = YES;
				CLANG_WARN_STRICT_PROTOTYPES = YES;
				CLANG_WARN_SUSPICIOUS_MOVE = YES;
				CLANG_WARN_UNGUARDED_AVAILABILITY = YES_AGGRESSIVE;
				CLANG_WARN_UNREACHABLE_CODE = YES;
				CLANG_WARN__DUPLICATE_METHOD_MATCH = YES;
				COPY_PHASE_STRIP = NO;
				CURRENT_PROJECT_VERSION = 1;
				DEBUG_INFORMATION_FORMAT = "dwarf-with-dsym";
				ENABLE_NS_ASSERTIONS = NO;
				ENABLE_STRICT_OBJC_MSGSEND = YES;
				GCC_C_LANGUAGE_STANDARD = gnu11;
				GCC_NO_COMMON_BLOCKS = YES;
				GCC_WARN_64_TO_32_BIT_CONVERSION = YES;
				GCC_WARN_ABOUT_RETURN_TYPE = YES_ERROR;
				GCC_WARN_UNDECLARED_SELECTOR = YES;
				GCC_WARN_UNINITIALIZED_AUTOS = YES_AGGRESSIVE;
				GCC_WARN_UNUSED_FUNCTION = YES;
				GCC_WARN_UNUSED_VARIABLE = YES;
				MACOSX_DEPLOYMENT_TARGET = 11.3;
				MTL_ENABLE_DEBUG_INFO = NO;
				MTL_FAST_MATH = YES;
				SDKROOT = macosx;
				SWIFT_COMPILATION_MODE = wholemodule;
				SWIFT_OPTIMIZATION_LEVEL = "-O";
				VERSIONING_SYSTEM = "apple-generic";
				VERSION_INFO_PREFIX = "";
			};
			name = Release;
		};
		831A2DC026A5CB7D0061E945 /* Debug */ = {
			isa = XCBuildConfiguration;
			buildSettings = {
				CODE_SIGN_STYLE = Automatic;
				COMBINE_HIDPI_IMAGES = YES;
				DEFINES_MODULE = YES;
				DEVELOPMENT_TEAM = Q5XWZ7S7E9;
				DYLIB_COMPATIBILITY_VERSION = 1;
				DYLIB_CURRENT_VERSION = 1;
				DYLIB_INSTALL_NAME_BASE = "@rpath";
				INFOPLIST_FILE = Sources/Chadakoin/Info.plist;
				INSTALL_PATH = "$(LOCAL_LIBRARY_DIR)/Frameworks";
				LD_RUNPATH_SEARCH_PATHS = (
					"$(inherited)",
					"@executable_path/../Frameworks",
					"@loader_path/Frameworks",
				);
				PRODUCT_BUNDLE_IDENTIFIER = com.projectgalen.Chadakoin;
				PRODUCT_NAME = "$(TARGET_NAME:c99extidentifier)";
				SKIP_INSTALL = YES;
				SWIFT_VERSION = 5.0;
			};
			name = Debug;
		};
		831A2DC126A5CB7D0061E945 /* Release */ = {
			isa = XCBuildConfiguration;
			buildSettings = {
				CODE_SIGN_STYLE = Automatic;
				COMBINE_HIDPI_IMAGES = YES;
				DEFINES_MODULE = YES;
				DEVELOPMENT_TEAM = Q5XWZ7S7E9;
				DYLIB_COMPATIBILITY_VERSION = 1;
				DYLIB_CURRENT_VERSION = 1;
				DYLIB_INSTALL_NAME_BASE = "@rpath";
				INFOPLIST_FILE = Sources/Chadakoin/Info.plist;
				INSTALL_PATH = "$(LOCAL_LIBRARY_DIR)/Frameworks";
				LD_RUNPATH_SEARCH_PATHS = (
					"$(inherited)",
					"@executable_path/../Frameworks",
					"@loader_path/Frameworks",
				);
				PRODUCT_BUNDLE_IDENTIFIER = com.projectgalen.Chadakoin;
				PRODUCT_NAME = "$(TARGET_NAME:c99extidentifier)";
				SKIP_INSTALL = YES;
				SWIFT_VERSION = 5.0;
			};
			name = Release;
		};
		831A2DC326A5CB7D0061E945 /* Debug */ = {
			isa = XCBuildConfiguration;
			buildSettings = {
				CODE_SIGN_STYLE = Automatic;
				COMBINE_HIDPI_IMAGES = YES;
				DEVELOPMENT_TEAM = Q5XWZ7S7E9;
				INFOPLIST_FILE = Tests/ChadakoinTests/Info.plist;
				LD_RUNPATH_SEARCH_PATHS = (
					"$(inherited)",
					"@executable_path/../Frameworks",
					"@loader_path/../Frameworks",
				);
				PRODUCT_BUNDLE_IDENTIFIER = com.projectgalen.ChadakoinTests;
				PRODUCT_NAME = "$(TARGET_NAME)";
				SWIFT_VERSION = 5.0;
			};
			name = Debug;
		};
		831A2DC426A5CB7D0061E945 /* Release */ = {
			isa = XCBuildConfiguration;
			buildSettings = {
				CODE_SIGN_STYLE = Automatic;
				COMBINE_HIDPI_IMAGES = YES;
				DEVELOPMENT_TEAM = Q5XWZ7S7E9;
				INFOPLIST_FILE = Tests/ChadakoinTests/Info.plist;
				LD_RUNPATH_SEARCH_PATHS = (
					"$(inherited)",
					"@executable_path/../Frameworks",
					"@loader_path/../Frameworks",
				);
				PRODUCT_BUNDLE_IDENTIFIER = com.projectgalen.ChadakoinTests;
				PRODUCT_NAME = "$(TARGET_NAME)";
				SWIFT_VERSION = 5.0;
			};
			name = Release;
		};
		83CD902626AAE8A200EC0533 /* Debug */ = {
			isa = XCBuildConfiguration;
			buildSettings = {
				CODE_SIGN_ENTITLEMENTS = Sources/DocFixer/DocFixer.entitlements;
				CODE_SIGN_STYLE = Automatic;
				DEVELOPMENT_TEAM = Q5XWZ7S7E9;
				ENABLE_HARDENED_RUNTIME = YES;
				PRODUCT_NAME = "$(TARGET_NAME)";
				SWIFT_VERSION = 5.0;
			};
			name = Debug;
		};
		83CD902726AAE8A200EC0533 /* Release */ = {
			isa = XCBuildConfiguration;
			buildSettings = {
				CODE_SIGN_ENTITLEMENTS = Sources/DocFixer/DocFixer.entitlements;
				CODE_SIGN_STYLE = Automatic;
				DEVELOPMENT_TEAM = Q5XWZ7S7E9;
				ENABLE_HARDENED_RUNTIME = YES;
				PRODUCT_NAME = "$(TARGET_NAME)";
				SWIFT_VERSION = 5.0;
			};
			name = Release;
		};
/* End XCBuildConfiguration section */

/* Begin XCConfigurationList section */
		831A2DA526A5CB7D0061E945 /* Build configuration list for PBXProject "Chadakoin" */ = {
			isa = XCConfigurationList;
			buildConfigurations = (
				831A2DBD26A5CB7D0061E945 /* Debug */,
				831A2DBE26A5CB7D0061E945 /* Release */,
			);
			defaultConfigurationIsVisible = 0;
			defaultConfigurationName = Release;
		};
		831A2DBF26A5CB7D0061E945 /* Build configuration list for PBXNativeTarget "Chadakoin" */ = {
			isa = XCConfigurationList;
			buildConfigurations = (
				831A2DC026A5CB7D0061E945 /* Debug */,
				831A2DC126A5CB7D0061E945 /* Release */,
			);
			defaultConfigurationIsVisible = 0;
			defaultConfigurationName = Release;
		};
		831A2DC226A5CB7D0061E945 /* Build configuration list for PBXNativeTarget "ChadakoinTests" */ = {
			isa = XCConfigurationList;
			buildConfigurations = (
				831A2DC326A5CB7D0061E945 /* Debug */,
				831A2DC426A5CB7D0061E945 /* Release */,
			);
			defaultConfigurationIsVisible = 0;
			defaultConfigurationName = Release;
		};
		83CD902826AAE8A200EC0533 /* Build configuration list for PBXNativeTarget "DocFixer" */ = {
			isa = XCConfigurationList;
			buildConfigurations = (
				83CD902626AAE8A200EC0533 /* Debug */,
				83CD902726AAE8A200EC0533 /* Release */,
			);
			defaultConfigurationIsVisible = 0;
			defaultConfigurationName = Release;
		};
/* End XCConfigurationList section */

/* Begin XCRemoteSwiftPackageReference section */
		831A2DC826A5CBEE0061E945 /* XCRemoteSwiftPackageReference "Rubicon" */ = {
			isa = XCRemoteSwiftPackageReference;
			repositoryURL = "https://github.com/GalenRhodes/Rubicon.git";
			requirement = {
				kind = upToNextMinorVersion;
				minimumVersion = 0.2.54;
			};
		};
		831A2DCB26A5CC130061E945 /* XCRemoteSwiftPackageReference "PGDocFixer" */ = {
			isa = XCRemoteSwiftPackageReference;
			repositoryURL = "https://github.com/GalenRhodes/PGDocFixer.git";
			requirement = {
				kind = upToNextMajorVersion;
				minimumVersion = 1.0.11;
			};
		};
/* End XCRemoteSwiftPackageReference section */

/* Begin XCSwiftPackageProductDependency section */
		831A2DC926A5CBEE0061E945 /* Rubicon */ = {
			isa = XCSwiftPackageProductDependency;
			package = 831A2DC826A5CBEE0061E945 /* XCRemoteSwiftPackageReference "Rubicon" */;
			productName = Rubicon;
		};
		83CD902B26AAE8C600EC0533 /* PGDocFixer */ = {
			isa = XCSwiftPackageProductDependency;
			package = 831A2DCB26A5CC130061E945 /* XCRemoteSwiftPackageReference "PGDocFixer" */;
			productName = PGDocFixer;
		};
/* End XCSwiftPackageProductDependency section */
	};
	rootObject = 831A2DA226A5CB7D0061E945 /* Project object */;
}
